
Microsoft Visual Studio Solution File, Format Version 12.00
# Visual Studio 15
VisualStudioVersion = 15.0.28307.421
MinimumVisualStudioVersion = 10.0.40219.1
Project("{9A19103F-16F7-4668-BE54-9A1E7A4F7556}") = "Remita.Plugin", "..\Remita.Plugin\Remita.Plugin\Remita.Plugin.csproj", "{509279C2-2C4C-49B2-87CD-C9B16B431988}"
EndProject
Project("{FAE04EC0-301F-11D3-BF4B-00C04F79EFBC}") = "Remita.CoreDemo", "Remita.CoreDemo\Remita.CoreDemo.csproj", "{29D6E82E-9DAE-4AF9-8EF2-0D2DD1A76917}"
EndProject
Project("{FAE04EC0-301F-11D3-BF4B-00C04F79EFBC}") = "Remita.NetDemo", "Remita.NetDemo\Remita.NetDemo.csproj", "{07880B7C-11B5-4CDA-ABE4-490AD3CF4154}"
EndProject
Global
	GlobalSection(SolutionConfigurationPlatforms) = preSolution
		Debug|Any CPU = Debug|Any CPU
		Release|Any CPU = Release|Any CPU
	EndGlobalSection
	GlobalSection(ProjectConfigurationPlatforms) = postSolution
		{509279C2-2C4C-49B2-87CD-C9B16B431988}.Debug|Any CPU.ActiveCfg = Debug|Any CPU
		{509279C2-2C4C-49B2-87CD-C9B16B431988}.Debug|Any CPU.Build.0 = Debug|Any CPU
		{509279C2-2C4C-49B2-87CD-C9B16B431988}.Release|Any CPU.ActiveCfg = Release|Any CPU
		{509279C2-2C4C-49B2-87CD-C9B16B431988}.Release|Any CPU.Build.0 = Release|Any CPU
		{29D6E82E-9DAE-4AF9-8EF2-0D2DD1A76917}.Debug|Any CPU.ActiveCfg = Debug|Any CPU
		{29D6E82E-9DAE-4AF9-8EF2-0D2DD1A76917}.Debug|Any CPU.Build.0 = Debug|Any CPU
		{29D6E82E-9DAE-4AF9-8EF2-0D2DD1A76917}.Release|Any CPU.ActiveCfg = Release|Any CPU
		{29D6E82E-9DAE-4AF9-8EF2-0D2DD1A76917}.Release|Any CPU.Build.0 = Release|Any CPU
		{07880B7C-11B5-4CDA-ABE4-490AD3CF4154}.Debug|Any CPU.ActiveCfg = Debug|Any CPU
		{07880B7C-11B5-4CDA-ABE4-490AD3CF4154}.Debug|Any CPU.Build.0 = Debug|Any CPU
		{07880B7C-11B5-4CDA-ABE4-490AD3CF4154}.Release|Any CPU.ActiveCfg = Release|Any CPU
		{07880B7C-11B5-4CDA-ABE4-490AD3CF4154}.Release|Any CPU.Build.0 = Release|Any CPU
	EndGlobalSection
	GlobalSection(SolutionProperties) = preSolution
		HideSolutionNode = FALSE
	EndGlobalSection
	GlobalSection(ExtensibilityGlobals) = postSolution
		SolutionGuid = {0C777427-98F8-47F6-9E4B-6C3C285DF67F}
	EndGlobalSection
EndGlobal
